// !$*UTF8*$!
{
	archiveVersion = 1;
	classes = {
	};
	objectVersion = 56;
	objects = {

/* Begin PBXBuildFile section */
		583B48C92C5A6B59007CF6B4 /* HikeApp.swift in Sources */ = {isa = PBXBuildFile; fileRef = 583B48C82C5A6B59007CF6B4 /* HikeApp.swift */; };
		583B48CB2C5A6B59007CF6B4 /* ContentView.swift in Sources */ = {isa = PBXBuildFile; fileRef = 583B48CA2C5A6B59007CF6B4 /* ContentView.swift */; };
		583B48CD2C5A6B5B007CF6B4 /* Assets.xcassets in Resources */ = {isa = PBXBuildFile; fileRef = 583B48CC2C5A6B5B007CF6B4 /* Assets.xcassets */; };
		583B48D02C5A6B5B007CF6B4 /* Preview Assets.xcassets in Resources */ = {isa = PBXBuildFile; fileRef = 583B48CF2C5A6B5B007CF6B4 /* Preview Assets.xcassets */; };
		583B48D72C5A6E83007CF6B4 /* CardView.swift in Sources */ = {isa = PBXBuildFile; fileRef = 583B48D62C5A6E83007CF6B4 /* CardView.swift */; };
		586886172C5B5A06005D30E6 /* CustomBackground.swift in Sources */ = {isa = PBXBuildFile; fileRef = 586886162C5B5A06005D30E6 /* CustomBackground.swift */; };
		5868861A2C5B5E4D005D30E6 /* ColorExtension.swift in Sources */ = {isa = PBXBuildFile; fileRef = 586886192C5B5E4D005D30E6 /* ColorExtension.swift */; };
		5868861C2C5B6D07005D30E6 /* CustomButton.swift in Sources */ = {isa = PBXBuildFile; fileRef = 5868861B2C5B6D07005D30E6 /* CustomButton.swift */; };
		586886202C5B896F005D30E6 /* CustomGradientButton.swift in Sources */ = {isa = PBXBuildFile; fileRef = 5868861F2C5B896E005D30E6 /* CustomGradientButton.swift */; };
		586886222C5BB144005D30E6 /* CustomCircleView.swift in Sources */ = {isa = PBXBuildFile; fileRef = 586886212C5BB144005D30E6 /* CustomCircleView.swift */; };
		58ACABA32C5CB17A0056001C /* MotionAnimationView.swift in Sources */ = {isa = PBXBuildFile; fileRef = 58ACABA22C5CB17A0056001C /* MotionAnimationView.swift */; };
		58ACABA82C5CC11A0056001C /* SettingView.swift in Sources */ = {isa = PBXBuildFile; fileRef = 58ACABA72C5CC11A0056001C /* SettingView.swift */; };
		58ACABAB2C5CDF290056001C /* CustomRowView.swift in Sources */ = {isa = PBXBuildFile; fileRef = 58ACABAA2C5CDF290056001C /* CustomRowView.swift */; };
/* End PBXBuildFile section */

/* Begin PBXFileReference section */
		583B48C52C5A6B59007CF6B4 /* Hike.app */ = {isa = PBXFileReference; explicitFileType = wrapper.application; includeInIndex = 0; path = Hike.app; sourceTree = BUILT_PRODUCTS_DIR; };
		583B48C82C5A6B59007CF6B4 /* HikeApp.swift */ = {isa = PBXFileReference; lastKnownFileType = sourcecode.swift; path = HikeApp.swift; sourceTree = "<group>"; };
		583B48CA2C5A6B59007CF6B4 /* ContentView.swift */ = {isa = PBXFileReference; lastKnownFileType = sourcecode.swift; path = ContentView.swift; sourceTree = "<group>"; };
		583B48CC2C5A6B5B007CF6B4 /* Assets.xcassets */ = {isa = PBXFileReference; lastKnownFileType = folder.assetcatalog; path = Assets.xcassets; sourceTree = "<group>"; };
		583B48CF2C5A6B5B007CF6B4 /* Preview Assets.xcassets */ = {isa = PBXFileReference; lastKnownFileType = folder.assetcatalog; path = "Preview Assets.xcassets"; sourceTree = "<group>"; };
		583B48D62C5A6E83007CF6B4 /* CardView.swift */ = {isa = PBXFileReference; lastKnownFileType = sourcecode.swift; path = CardView.swift; sourceTree = "<group>"; };
		586886162C5B5A06005D30E6 /* CustomBackground.swift */ = {isa = PBXFileReference; lastKnownFileType = sourcecode.swift; path = CustomBackground.swift; sourceTree = "<group>"; };
		586886192C5B5E4D005D30E6 /* ColorExtension.swift */ = {isa = PBXFileReference; lastKnownFileType = sourcecode.swift; path = ColorExtension.swift; sourceTree = "<group>"; };
		5868861B2C5B6D07005D30E6 /* CustomButton.swift */ = {isa = PBXFileReference; lastKnownFileType = sourcecode.swift; path = CustomButton.swift; sourceTree = "<group>"; };
		5868861F2C5B896E005D30E6 /* CustomGradientButton.swift */ = {isa = PBXFileReference; lastKnownFileType = sourcecode.swift; path = CustomGradientButton.swift; sourceTree = "<group>"; };
		586886212C5BB144005D30E6 /* CustomCircleView.swift */ = {isa = PBXFileReference; lastKnownFileType = sourcecode.swift; path = CustomCircleView.swift; sourceTree = "<group>"; };
		58ACABA22C5CB17A0056001C /* MotionAnimationView.swift */ = {isa = PBXFileReference; lastKnownFileType = sourcecode.swift; path = MotionAnimationView.swift; sourceTree = "<group>"; };
		58ACABA72C5CC11A0056001C /* SettingView.swift */ = {isa = PBXFileReference; lastKnownFileType = sourcecode.swift; path = SettingView.swift; sourceTree = "<group>"; };
		58ACABAA2C5CDF290056001C /* CustomRowView.swift */ = {isa = PBXFileReference; lastKnownFileType = sourcecode.swift; path = CustomRowView.swift; sourceTree = "<group>"; };
/* End PBXFileReference section */

/* Begin PBXFrameworksBuildPhase section */
		583B48C22C5A6B59007CF6B4 /* Frameworks */ = {
			isa = PBXFrameworksBuildPhase;
			buildActionMask = 2147483647;
			files = (
			);
			runOnlyForDeploymentPostprocessing = 0;
		};
/* End PBXFrameworksBuildPhase section */

/* Begin PBXGroup section */
		583B48BC2C5A6B59007CF6B4 = {
			isa = PBXGroup;
			children = (
				583B48C72C5A6B59007CF6B4 /* Hike */,
				583B48C62C5A6B59007CF6B4 /* Products */,
			);
			sourceTree = "<group>";
		};
		583B48C62C5A6B59007CF6B4 /* Products */ = {
			isa = PBXGroup;
			children = (
				583B48C52C5A6B59007CF6B4 /* Hike.app */,
			);
			name = Products;
			sourceTree = "<group>";
		};
		583B48C72C5A6B59007CF6B4 /* Hike */ = {
			isa = PBXGroup;
			children = (
				586886152C5B59E5005D30E6 /* Component */,
				586886182C5B5E38005D30E6 /* Utlility */,
				58ACABA42C5CBFC20056001C /* Screen */,
				583B48CC2C5A6B5B007CF6B4 /* Assets.xcassets */,
				583B48CE2C5A6B5B007CF6B4 /* Preview Content */,
			);
			path = Hike;
			sourceTree = "<group>";
		};
		583B48CE2C5A6B5B007CF6B4 /* Preview Content */ = {
			isa = PBXGroup;
			children = (
				583B48CF2C5A6B5B007CF6B4 /* Preview Assets.xcassets */,
			);
			path = "Preview Content";
			sourceTree = "<group>";
		};
		586886152C5B59E5005D30E6 /* Component */ = {
			isa = PBXGroup;
			children = (
				586886162C5B5A06005D30E6 /* CustomBackground.swift */,
				5868861B2C5B6D07005D30E6 /* CustomButton.swift */,
			);
			path = Component;
			sourceTree = "<group>";
		};
		586886182C5B5E38005D30E6 /* Utlility */ = {
			isa = PBXGroup;
			children = (
				58ACABAA2C5CDF290056001C /* CustomRowView.swift */,
				58ACABA22C5CB17A0056001C /* MotionAnimationView.swift */,
				586886212C5BB144005D30E6 /* CustomCircleView.swift */,
				5868861F2C5B896E005D30E6 /* CustomGradientButton.swift */,
				586886192C5B5E4D005D30E6 /* ColorExtension.swift */,
			);
			path = Utlility;
			sourceTree = "<group>";
		};
		58ACABA42C5CBFC20056001C /* Screen */ = {
			isa = PBXGroup;
			children = (
				583B48C82C5A6B59007CF6B4 /* HikeApp.swift */,
				583B48CA2C5A6B59007CF6B4 /* ContentView.swift */,
				583B48D62C5A6E83007CF6B4 /* CardView.swift */,
				58ACABA72C5CC11A0056001C /* SettingView.swift */,
			);
			path = Screen;
			sourceTree = "<group>";
		};
/* End PBXGroup section */

/* Begin PBXNativeTarget section */
		583B48C42C5A6B59007CF6B4 /* Hike */ = {
			isa = PBXNativeTarget;
			buildConfigurationList = 583B48D32C5A6B5B007CF6B4 /* Build configuration list for PBXNativeTarget "Hike" */;
			buildPhases = (
				583B48C12C5A6B59007CF6B4 /* Sources */,
				583B48C22C5A6B59007CF6B4 /* Frameworks */,
				583B48C32C5A6B59007CF6B4 /* Resources */,
			);
			buildRules = (
			);
			dependencies = (
			);
			name = Hike;
			productName = Hike;
			productReference = 583B48C52C5A6B59007CF6B4 /* Hike.app */;
			productType = "com.apple.product-type.application";
		};
/* End PBXNativeTarget section */

/* Begin PBXProject section */
		583B48BD2C5A6B59007CF6B4 /* Project object */ = {
			isa = PBXProject;
			attributes = {
				BuildIndependentTargetsInParallel = 1;
				LastSwiftUpdateCheck = 1540;
				LastUpgradeCheck = 1540;
				TargetAttributes = {
					583B48C42C5A6B59007CF6B4 = {
						CreatedOnToolsVersion = 15.4;
					};
				};
			};
			buildConfigurationList = 583B48C02C5A6B59007CF6B4 /* Build configuration list for PBXProject "Hike" */;
			compatibilityVersion = "Xcode 14.0";
			developmentRegion = en;
			hasScannedForEncodings = 0;
			knownRegions = (
				en,
				Base,
			);
			mainGroup = 583B48BC2C5A6B59007CF6B4;
			productRefGroup = 583B48C62C5A6B59007CF6B4 /* Products */;
			projectDirPath = "";
			projectRoot = "";
			targets = (
				583B48C42C5A6B59007CF6B4 /* Hike */,
			);
		};
/* End PBXProject section */

/* Begin PBXResourcesBuildPhase section */
		583B48C32C5A6B59007CF6B4 /* Resources */ = {
			isa = PBXResourcesBuildPhase;
			buildActionMask = 2147483647;
			files = (
				583B48D02C5A6B5B007CF6B4 /* Preview Assets.xcassets in Resources */,
				583B48CD2C5A6B5B007CF6B4 /* Assets.xcassets in Resources */,
			);
			runOnlyForDeploymentPostprocessing = 0;
		};
/* End PBXResourcesBuildPhase section */

/* Begin PBXSourcesBuildPhase section */
		583B48C12C5A6B59007CF6B4 /* Sources */ = {
			isa = PBXSourcesBuildPhase;
			buildActionMask = 2147483647;
			files = (
				586886172C5B5A06005D30E6 /* CustomBackground.swift in Sources */,
				58ACABA82C5CC11A0056001C /* SettingView.swift in Sources */,
				58ACABAB2C5CDF290056001C /* CustomRowView.swift in Sources */,
				586886222C5BB144005D30E6 /* CustomCircleView.swift in Sources */,
				583B48CB2C5A6B59007CF6B4 /* ContentView.swift in Sources */,
				586886202C5B896F005D30E6 /* CustomGradientButton.swift in Sources */,
				5868861C2C5B6D07005D30E6 /* CustomButton.swift in Sources */,
				583B48D72C5A6E83007CF6B4 /* CardView.swift in Sources */,
				58ACABA32C5CB17A0056001C /* MotionAnimationView.swift in Sources */,
				583B48C92C5A6B59007CF6B4 /* HikeApp.swift in Sources */,
				5868861A2C5B5E4D005D30E6 /* ColorExtension.swift in Sources */,
			);
			runOnlyForDeploymentPostprocessing = 0;
		};
/* End PBXSourcesBuildPhase section */

/* Begin XCBuildConfiguration section */
		583B48D12C5A6B5B007CF6B4 /* Debug */ = {
			isa = XCBuildConfiguration;
			buildSettings = {
				ALWAYS_SEARCH_USER_PATHS = NO;
				ASSETCATALOG_COMPILER_GENERATE_SWIFT_ASSET_SYMBOL_EXTENSIONS = YES;
				CLANG_ANALYZER_NONNULL = YES;
				CLANG_ANALYZER_NUMBER_OBJECT_CONVERSION = YES_AGGRESSIVE;
				CLANG_CXX_LANGUAGE_STANDARD = "gnu++20";
				CLANG_ENABLE_MODULES = YES;
				CLANG_ENABLE_OBJC_ARC = YES;
				CLANG_ENABLE_OBJC_WEAK = YES;
				CLANG_WARN_BLOCK_CAPTURE_AUTORELEASING = YES;
				CLANG_WARN_BOOL_CONVERSION = YES;
				CLANG_WARN_COMMA = YES;
				CLANG_WARN_CONSTANT_CONVERSION = YES;
				CLANG_WARN_DEPRECATED_OBJC_IMPLEMENTATIONS = YES;
				CLANG_WARN_DIRECT_OBJC_ISA_USAGE = YES_ERROR;
				CLANG_WARN_DOCUMENTATION_COMMENTS = YES;
				CLANG_WARN_EMPTY_BODY = YES;
				CLANG_WARN_ENUM_CONVERSION = YES;
				CLANG_WARN_INFINITE_RECURSION = YES;
				CLANG_WARN_INT_CONVERSION = YES;
				CLANG_WARN_NON_LITERAL_NULL_CONVERSION = YES;
				CLANG_WARN_OBJC_IMPLICIT_RETAIN_SELF = YES;
				CLANG_WARN_OBJC_LITERAL_CONVERSION = YES;
				CLANG_WARN_OBJC_ROOT_CLASS = YES_ERROR;
				CLANG_WARN_QUOTED_INCLUDE_IN_FRAMEWORK_HEADER = YES;
				CLANG_WARN_RANGE_LOOP_ANALYSIS = YES;
				CLANG_WARN_STRICT_PROTOTYPES = YES;
				CLANG_WARN_SUSPICIOUS_MOVE = YES;
				CLANG_WARN_UNGUARDED_AVAILABILITY = YES_AGGRESSIVE;
				CLANG_WARN_UNREACHABLE_CODE = YES;
				CLANG_WARN__DUPLICATE_METHOD_MATCH = YES;
				COPY_PHASE_STRIP = NO;
				DEBUG_INFORMATION_FORMAT = dwarf;
				ENABLE_STRICT_OBJC_MSGSEND = YES;
				ENABLE_TESTABILITY = YES;
				ENABLE_USER_SCRIPT_SANDBOXING = YES;
				GCC_C_LANGUAGE_STANDARD = gnu17;
				GCC_DYNAMIC_NO_PIC = NO;
				GCC_NO_COMMON_BLOCKS = YES;
				GCC_OPTIMIZATION_LEVEL = 0;
				GCC_PREPROCESSOR_DEFINITIONS = (
					"DEBUG=1",
					"$(inherited)",
				);
				GCC_WARN_64_TO_32_BIT_CONVERSION = YES;
				GCC_WARN_ABOUT_RETURN_TYPE = YES_ERROR;
				GCC_WARN_UNDECLARED_SELECTOR = YES;
				GCC_WARN_UNINITIALIZED_AUTOS = YES_AGGRESSIVE;
				GCC_WARN_UNUSED_FUNCTION = YES;
				GCC_WARN_UNUSED_VARIABLE = YES;
				IPHONEOS_DEPLOYMENT_TARGET = 17.5;
				LOCALIZATION_PREFERS_STRING_CATALOGS = YES;
				MTL_ENABLE_DEBUG_INFO = INCLUDE_SOURCE;
				MTL_FAST_MATH = YES;
				ONLY_ACTIVE_ARCH = YES;
				SDKROOT = iphoneos;
				SWIFT_ACTIVE_COMPILATION_CONDITIONS = "DEBUG $(inherited)";
				SWIFT_OPTIMIZATION_LEVEL = "-Onone";
			};
			name = Debug;
		};
		583B48D22C5A6B5B007CF6B4 /* Release */ = {
			isa = XCBuildConfiguration;
			buildSettings = {
				ALWAYS_SEARCH_USER_PATHS = NO;
				ASSETCATALOG_COMPILER_GENERATE_SWIFT_ASSET_SYMBOL_EXTENSIONS = YES;
				CLANG_ANALYZER_NONNULL = YES;
				CLANG_ANALYZER_NUMBER_OBJECT_CONVERSION = YES_AGGRESSIVE;
				CLANG_CXX_LANGUAGE_STANDARD = "gnu++20";
				CLANG_ENABLE_MODULES = YES;
				CLANG_ENABLE_OBJC_ARC = YES;
				CLANG_ENABLE_OBJC_WEAK = YES;
				CLANG_WARN_BLOCK_CAPTURE_AUTORELEASING = YES;
				CLANG_WARN_BOOL_CONVERSION = YES;
				CLANG_WARN_COMMA = YES;
				CLANG_WARN_CONSTANT_CONVERSION = YES;
				CLANG_WARN_DEPRECATED_OBJC_IMPLEMENTATIONS = YES;
				CLANG_WARN_DIRECT_OBJC_ISA_USAGE = YES_ERROR;
				CLANG_WARN_DOCUMENTATION_COMMENTS = YES;
				CLANG_WARN_EMPTY_BODY = YES;
				CLANG_WARN_ENUM_CONVERSION = YES;
				CLANG_WARN_INFINITE_RECURSION = YES;
				CLANG_WARN_INT_CONVERSION = YES;
				CLANG_WARN_NON_LITERAL_NULL_CONVERSION = YES;
				CLANG_WARN_OBJC_IMPLICIT_RETAIN_SELF = YES;
				CLANG_WARN_OBJC_LITERAL_CONVERSION = YES;
				CLANG_WARN_OBJC_ROOT_CLASS = YES_ERROR;
				CLANG_WARN_QUOTED_INCLUDE_IN_FRAMEWORK_HEADER = YES;
				CLANG_WARN_RANGE_LOOP_ANALYSIS = YES;
				CLANG_WARN_STRICT_PROTOTYPES = YES;
				CLANG_WARN_SUSPICIOUS_MOVE = YES;
				CLANG_WARN_UNGUARDED_AVAILABILITY = YES_AGGRESSIVE;
				CLANG_WARN_UNREACHABLE_CODE = YES;
				CLANG_WARN__DUPLICATE_METHOD_MATCH = YES;
				COPY_PHASE_STRIP = NO;
				DEBUG_INFORMATION_FORMAT = "dwarf-with-dsym";
				ENABLE_NS_ASSERTIONS = NO;
				ENABLE_STRICT_OBJC_MSGSEND = YES;
				ENABLE_USER_SCRIPT_SANDBOXING = YES;
				GCC_C_LANGUAGE_STANDARD = gnu17;
				GCC_NO_COMMON_BLOCKS = YES;
				GCC_WARN_64_TO_32_BIT_CONVERSION = YES;
				GCC_WARN_ABOUT_RETURN_TYPE = YES_ERROR;
				GCC_WARN_UNDECLARED_SELECTOR = YES;
				GCC_WARN_UNINITIALIZED_AUTOS = YES_AGGRESSIVE;
				GCC_WARN_UNUSED_FUNCTION = YES;
				GCC_WARN_UNUSED_VARIABLE = YES;
				IPHONEOS_DEPLOYMENT_TARGET = 17.5;
				LOCALIZATION_PREFERS_STRING_CATALOGS = YES;
				MTL_ENABLE_DEBUG_INFO = NO;
				MTL_FAST_MATH = YES;
				SDKROOT = iphoneos;
				SWIFT_COMPILATION_MODE = wholemodule;
				VALIDATE_PRODUCT = YES;
			};
			name = Release;
		};
		583B48D42C5A6B5B007CF6B4 /* Debug */ = {
			isa = XCBuildConfiguration;
			buildSettings = {
				ASSETCATALOG_COMPILER_APPICON_NAME = AppIcon;
				ASSETCATALOG_COMPILER_GLOBAL_ACCENT_COLOR_NAME = AccentColor;
				CODE_SIGN_STYLE = Automatic;
				CURRENT_PROJECT_VERSION = 1;
				DEVELOPMENT_ASSET_PATHS = "\"Hike/Preview Content\"";
				DEVELOPMENT_TEAM = ULHW996VY2;
				ENABLE_PREVIEWS = YES;
				GENERATE_INFOPLIST_FILE = YES;
				INFOPLIST_KEY_UIApplicationSceneManifest_Generation = YES;
				INFOPLIST_KEY_UIApplicationSupportsIndirectInputEvents = YES;
				INFOPLIST_KEY_UILaunchScreen_Generation = YES;
				INFOPLIST_KEY_UISupportedInterfaceOrientations_iPad = "UIInterfaceOrientationPortrait UIInterfaceOrientationPortraitUpsideDown UIInterfaceOrientationLandscapeLeft UIInterfaceOrientationLandscapeRight";
				INFOPLIST_KEY_UISupportedInterfaceOrientations_iPhone = "UIInterfaceOrientationPortrait UIInterfaceOrientationLandscapeLeft UIInterfaceOrientationLandscapeRight";
				LD_RUNPATH_SEARCH_PATHS = (
					"$(inherited)",
					"@executable_path/Frameworks",
				);
				MARKETING_VERSION = 1.0;
				PRODUCT_BUNDLE_IDENTIFIER = com.anant.Hike;
				PRODUCT_NAME = "$(TARGET_NAME)";
				SWIFT_EMIT_LOC_STRINGS = YES;
				SWIFT_VERSION = 5.0;
				TARGETED_DEVICE_FAMILY = "1,2";
			};
			name = Debug;
		};
		583B48D52C5A6B5B007CF6B4 /* Release */ = {
			isa = XCBuildConfiguration;
			buildSettings = {
				ASSETCATALOG_COMPILER_APPICON_NAME = AppIcon;
				ASSETCATALOG_COMPILER_GLOBAL_ACCENT_COLOR_NAME = AccentColor;
				CODE_SIGN_STYLE = Automatic;
				CURRENT_PROJECT_VERSION = 1;
				DEVELOPMENT_ASSET_PATHS = "\"Hike/Preview Content\"";
				DEVELOPMENT_TEAM = ULHW996VY2;
				ENABLE_PREVIEWS = YES;
				GENERATE_INFOPLIST_FILE = YES;
				INFOPLIST_KEY_UIApplicationSceneManifest_Generation = YES;
				INFOPLIST_KEY_UIApplicationSupportsIndirectInputEvents = YES;
				INFOPLIST_KEY_UILaunchScreen_Generation = YES;
				INFOPLIST_KEY_UISupportedInterfaceOrientations_iPad = "UIInterfaceOrientationPortrait UIInterfaceOrientationPortraitUpsideDown UIInterfaceOrientationLandscapeLeft UIInterfaceOrientationLandscapeRight";
				INFOPLIST_KEY_UISupportedInterfaceOrientations_iPhone = "UIInterfaceOrientationPortrait UIInterfaceOrientationLandscapeLeft UIInterfaceOrientationLandscapeRight";
				LD_RUNPATH_SEARCH_PATHS = (
					"$(inherited)",
					"@executable_path/Frameworks",
				);
				MARKETING_VERSION = 1.0;
				PRODUCT_BUNDLE_IDENTIFIER = com.anant.Hike;
				PRODUCT_NAME = "$(TARGET_NAME)";
				SWIFT_EMIT_LOC_STRINGS = YES;
				SWIFT_VERSION = 5.0;
				TARGETED_DEVICE_FAMILY = "1,2";
			};
			name = Release;
		};
/* End XCBuildConfiguration section */

/* Begin XCConfigurationList section */
		583B48C02C5A6B59007CF6B4 /* Build configuration list for PBXProject "Hike" */ = {
			isa = XCConfigurationList;
			buildConfigurations = (
				583B48D12C5A6B5B007CF6B4 /* Debug */,
				583B48D22C5A6B5B007CF6B4 /* Release */,
			);
			defaultConfigurationIsVisible = 0;
			defaultConfigurationName = Release;
		};
		583B48D32C5A6B5B007CF6B4 /* Build configuration list for PBXNativeTarget "Hike" */ = {
			isa = XCConfigurationList;
			buildConfigurations = (
				583B48D42C5A6B5B007CF6B4 /* Debug */,
				583B48D52C5A6B5B007CF6B4 /* Release */,
			);
			defaultConfigurationIsVisible = 0;
			defaultConfigurationName = Release;
		};
/* End XCConfigurationList section */
	};
	rootObject = 583B48BD2C5A6B59007CF6B4 /* Project object */;
}
